
Microsoft Visual Studio Solution File, Format Version 12.00
# Visual Studio Version 17
VisualStudioVersion = 17.10.35027.167
MinimumVisualStudioVersion = 10.0.40219.1
Project("{FAE04EC0-301F-11D3-BF4B-00C04F79EFBC}") = "CustomListStackQueue", "CustomListStackQueue\CustomListStackQueue.csproj", "{4E3E6AA4-DC36-4858-A9B6-6417F729BDDE}"
EndProject
Global
	GlobalSection(SolutionConfigurationPlatforms) = preSolution
		Debug|Any CPU = Debug|Any CPU
		Release|Any CPU = Release|Any CPU
	EndGlobalSection
	GlobalSection(ProjectConfigurationPlatforms) = postSolution
		{4E3E6AA4-DC36-4858-A9B6-6417F729BDDE}.Debug|Any CPU.ActiveCfg = Debug|Any CPU
		{4E3E6AA4-DC36-4858-A9B6-6417F729BDDE}.Debug|Any CPU.Build.0 = Debug|Any CPU
		{4E3E6AA4-DC36-4858-A9B6-6417F729BDDE}.Release|Any CPU.ActiveCfg = Release|Any CPU
		{4E3E6AA4-DC36-4858-A9B6-6417F729BDDE}.Release|Any CPU.Build.0 = Release|Any CPU
	EndGlobalSection
	GlobalSection(SolutionProperties) = preSolution
		HideSolutionNode = FALSE
	EndGlobalSection
	GlobalSection(ExtensibilityGlobals) = postSolution
		SolutionGuid = {70BD9DC5-33EA-4966-8764-FD5BE6BFC14F}
	EndGlobalSection
EndGlobal
