
Microsoft Visual Studio Solution File, Format Version 12.00
# Visual Studio Version 17
VisualStudioVersion = 17.9.34728.123
MinimumVisualStudioVersion = 10.0.40219.1
Project("{9A19103F-16F7-4668-BE54-9A1E7A4F7556}") = "OddLines", "OddLines\OddLines.csproj", "{B99C95DD-CF15-437D-BC65-2B779EC6663C}"
EndProject
Project("{9A19103F-16F7-4668-BE54-9A1E7A4F7556}") = "LineNumbers", "LineNumbers\LineNumbers.csproj", "{5D5A5ADF-FA21-46F3-9167-892E49D4D02A}"
EndProject
Project("{9A19103F-16F7-4668-BE54-9A1E7A4F7556}") = "WordCount", "WordCount\WordCount.csproj", "{F37D7832-0CAC-433C-88C5-AD4FF4513950}"
EndProject
Project("{9A19103F-16F7-4668-BE54-9A1E7A4F7556}") = "SliceMe", "SliceMe\SliceMe.csproj", "{A0E57FED-FDC1-49ED-8719-FED65D7DB657}"
EndProject
Project("{9A19103F-16F7-4668-BE54-9A1E7A4F7556}") = "EvenLines", "EvenLines\EvenLines.csproj", "{ADDA7CFC-A851-45EA-9613-E3A079712F25}"
EndProject
Project("{FAE04EC0-301F-11D3-BF4B-00C04F79EFBC}") = "CopyBinaryFile", "CopyBinaryFile\CopyBinaryFile.csproj", "{E970597C-413F-496E-9ECB-17C2997ADD2D}"
EndProject
Global
	GlobalSection(SolutionConfigurationPlatforms) = preSolution
		Debug|Any CPU = Debug|Any CPU
		Release|Any CPU = Release|Any CPU
	EndGlobalSection
	GlobalSection(ProjectConfigurationPlatforms) = postSolution
		{B99C95DD-CF15-437D-BC65-2B779EC6663C}.Debug|Any CPU.ActiveCfg = Debug|Any CPU
		{B99C95DD-CF15-437D-BC65-2B779EC6663C}.Debug|Any CPU.Build.0 = Debug|Any CPU
		{B99C95DD-CF15-437D-BC65-2B779EC6663C}.Release|Any CPU.ActiveCfg = Release|Any CPU
		{B99C95DD-CF15-437D-BC65-2B779EC6663C}.Release|Any CPU.Build.0 = Release|Any CPU
		{5D5A5ADF-FA21-46F3-9167-892E49D4D02A}.Debug|Any CPU.ActiveCfg = Debug|Any CPU
		{5D5A5ADF-FA21-46F3-9167-892E49D4D02A}.Debug|Any CPU.Build.0 = Debug|Any CPU
		{5D5A5ADF-FA21-46F3-9167-892E49D4D02A}.Release|Any CPU.ActiveCfg = Release|Any CPU
		{5D5A5ADF-FA21-46F3-9167-892E49D4D02A}.Release|Any CPU.Build.0 = Release|Any CPU
		{F37D7832-0CAC-433C-88C5-AD4FF4513950}.Debug|Any CPU.ActiveCfg = Debug|Any CPU
		{F37D7832-0CAC-433C-88C5-AD4FF4513950}.Debug|Any CPU.Build.0 = Debug|Any CPU
		{F37D7832-0CAC-433C-88C5-AD4FF4513950}.Release|Any CPU.ActiveCfg = Release|Any CPU
		{F37D7832-0CAC-433C-88C5-AD4FF4513950}.Release|Any CPU.Build.0 = Release|Any CPU
		{A0E57FED-FDC1-49ED-8719-FED65D7DB657}.Debug|Any CPU.ActiveCfg = Debug|Any CPU
		{A0E57FED-FDC1-49ED-8719-FED65D7DB657}.Debug|Any CPU.Build.0 = Debug|Any CPU
		{A0E57FED-FDC1-49ED-8719-FED65D7DB657}.Release|Any CPU.ActiveCfg = Release|Any CPU
		{A0E57FED-FDC1-49ED-8719-FED65D7DB657}.Release|Any CPU.Build.0 = Release|Any CPU
		{ADDA7CFC-A851-45EA-9613-E3A079712F25}.Debug|Any CPU.ActiveCfg = Debug|Any CPU
		{ADDA7CFC-A851-45EA-9613-E3A079712F25}.Debug|Any CPU.Build.0 = Debug|Any CPU
		{ADDA7CFC-A851-45EA-9613-E3A079712F25}.Release|Any CPU.ActiveCfg = Release|Any CPU
		{ADDA7CFC-A851-45EA-9613-E3A079712F25}.Release|Any CPU.Build.0 = Release|Any CPU
		{E970597C-413F-496E-9ECB-17C2997ADD2D}.Debug|Any CPU.ActiveCfg = Debug|Any CPU
		{E970597C-413F-496E-9ECB-17C2997ADD2D}.Debug|Any CPU.Build.0 = Debug|Any CPU
		{E970597C-413F-496E-9ECB-17C2997ADD2D}.Release|Any CPU.ActiveCfg = Release|Any CPU
		{E970597C-413F-496E-9ECB-17C2997ADD2D}.Release|Any CPU.Build.0 = Release|Any CPU
	EndGlobalSection
	GlobalSection(SolutionProperties) = preSolution
		HideSolutionNode = FALSE
	EndGlobalSection
	GlobalSection(ExtensibilityGlobals) = postSolution
		SolutionGuid = {41B9E5BC-0327-44C1-A246-9D30032EDFC8}
	EndGlobalSection
EndGlobal
