
Microsoft Visual Studio Solution File, Format Version 12.00
# Visual Studio Version 17
VisualStudioVersion = 17.10.35027.167
MinimumVisualStudioVersion = 10.0.40219.1
Project("{9A19103F-16F7-4668-BE54-9A1E7A4F7556}") = "Library", "Library\Library.csproj", "{DDF93FB1-3470-4431-9D57-360CBA4930C1}"
EndProject
Project("{9A19103F-16F7-4668-BE54-9A1E7A4F7556}") = "CustomEnumeratorExample", "CustomEnumeratorExample\CustomEnumeratorExample.csproj", "{58DFF1CB-4176-42DD-B8A3-C466C1F423D5}"
EndProject
Project("{9A19103F-16F7-4668-BE54-9A1E7A4F7556}") = "ListyIteratorExercise", "ListyIteratorExercise\ListyIteratorExercise.csproj", "{E16A08BE-3DB1-4020-9786-9E4D24B8FFDA}"
EndProject
Project("{9A19103F-16F7-4668-BE54-9A1E7A4F7556}") = "StackExercise", "StackExercise\StackExercise.csproj", "{1708A9E3-935B-4396-AC80-60D3D5503496}"
EndProject
Project("{FAE04EC0-301F-11D3-BF4B-00C04F79EFBC}") = "Froggy", "Froggy\Froggy.csproj", "{FE14EEA0-D2E4-45D2-AC3A-6C25C3514251}"
EndProject
Global
	GlobalSection(SolutionConfigurationPlatforms) = preSolution
		Debug|Any CPU = Debug|Any CPU
		Release|Any CPU = Release|Any CPU
	EndGlobalSection
	GlobalSection(ProjectConfigurationPlatforms) = postSolution
		{DDF93FB1-3470-4431-9D57-360CBA4930C1}.Debug|Any CPU.ActiveCfg = Debug|Any CPU
		{DDF93FB1-3470-4431-9D57-360CBA4930C1}.Debug|Any CPU.Build.0 = Debug|Any CPU
		{DDF93FB1-3470-4431-9D57-360CBA4930C1}.Release|Any CPU.ActiveCfg = Release|Any CPU
		{DDF93FB1-3470-4431-9D57-360CBA4930C1}.Release|Any CPU.Build.0 = Release|Any CPU
		{58DFF1CB-4176-42DD-B8A3-C466C1F423D5}.Debug|Any CPU.ActiveCfg = Debug|Any CPU
		{58DFF1CB-4176-42DD-B8A3-C466C1F423D5}.Debug|Any CPU.Build.0 = Debug|Any CPU
		{58DFF1CB-4176-42DD-B8A3-C466C1F423D5}.Release|Any CPU.ActiveCfg = Release|Any CPU
		{58DFF1CB-4176-42DD-B8A3-C466C1F423D5}.Release|Any CPU.Build.0 = Release|Any CPU
		{E16A08BE-3DB1-4020-9786-9E4D24B8FFDA}.Debug|Any CPU.ActiveCfg = Debug|Any CPU
		{E16A08BE-3DB1-4020-9786-9E4D24B8FFDA}.Debug|Any CPU.Build.0 = Debug|Any CPU
		{E16A08BE-3DB1-4020-9786-9E4D24B8FFDA}.Release|Any CPU.ActiveCfg = Release|Any CPU
		{E16A08BE-3DB1-4020-9786-9E4D24B8FFDA}.Release|Any CPU.Build.0 = Release|Any CPU
		{1708A9E3-935B-4396-AC80-60D3D5503496}.Debug|Any CPU.ActiveCfg = Debug|Any CPU
		{1708A9E3-935B-4396-AC80-60D3D5503496}.Debug|Any CPU.Build.0 = Debug|Any CPU
		{1708A9E3-935B-4396-AC80-60D3D5503496}.Release|Any CPU.ActiveCfg = Release|Any CPU
		{1708A9E3-935B-4396-AC80-60D3D5503496}.Release|Any CPU.Build.0 = Release|Any CPU
		{FE14EEA0-D2E4-45D2-AC3A-6C25C3514251}.Debug|Any CPU.ActiveCfg = Debug|Any CPU
		{FE14EEA0-D2E4-45D2-AC3A-6C25C3514251}.Debug|Any CPU.Build.0 = Debug|Any CPU
		{FE14EEA0-D2E4-45D2-AC3A-6C25C3514251}.Release|Any CPU.ActiveCfg = Release|Any CPU
		{FE14EEA0-D2E4-45D2-AC3A-6C25C3514251}.Release|Any CPU.Build.0 = Release|Any CPU
	EndGlobalSection
	GlobalSection(SolutionProperties) = preSolution
		HideSolutionNode = FALSE
	EndGlobalSection
	GlobalSection(ExtensibilityGlobals) = postSolution
		SolutionGuid = {FA6DE730-52B3-43A1-848A-8AF4DE5E28D4}
	EndGlobalSection
EndGlobal
