
Microsoft Visual Studio Solution File, Format Version 12.00
# Visual Studio Version 17
VisualStudioVersion = 17.9.34723.18
MinimumVisualStudioVersion = 10.0.40219.1
Project("{9A19103F-16F7-4668-BE54-9A1E7A4F7556}") = "MatchFullName", "MatchFullName\MatchFullName.csproj", "{D23C4D13-D6E6-41F4-B5CF-DF4AA169662D}"
EndProject
Project("{9A19103F-16F7-4668-BE54-9A1E7A4F7556}") = "MatchPhoneNumber", "MatchPhoneNumber\MatchPhoneNumber.csproj", "{5E9D3335-8899-4302-AC32-5916D9A72847}"
EndProject
Project("{FAE04EC0-301F-11D3-BF4B-00C04F79EFBC}") = "MatchDates", "MatchDates\MatchDates.csproj", "{D1875D05-F1F9-47FA-B8B5-43DD2EA124D9}"
EndProject
Project("{FAE04EC0-301F-11D3-BF4B-00C04F79EFBC}") = "Furniture", "Furniture\Furniture.csproj", "{DAD65AB4-FA49-485E-9063-DAE48AF08683}"
EndProject
Project("{FAE04EC0-301F-11D3-BF4B-00C04F79EFBC}") = "Race", "Race\Race.csproj", "{EE126DB7-6A4B-49C0-9A86-1ACAA7835BE0}"
EndProject
Global
	GlobalSection(SolutionConfigurationPlatforms) = preSolution
		Debug|Any CPU = Debug|Any CPU
		Release|Any CPU = Release|Any CPU
	EndGlobalSection
	GlobalSection(ProjectConfigurationPlatforms) = postSolution
		{D23C4D13-D6E6-41F4-B5CF-DF4AA169662D}.Debug|Any CPU.ActiveCfg = Debug|Any CPU
		{D23C4D13-D6E6-41F4-B5CF-DF4AA169662D}.Debug|Any CPU.Build.0 = Debug|Any CPU
		{D23C4D13-D6E6-41F4-B5CF-DF4AA169662D}.Release|Any CPU.ActiveCfg = Release|Any CPU
		{D23C4D13-D6E6-41F4-B5CF-DF4AA169662D}.Release|Any CPU.Build.0 = Release|Any CPU
		{5E9D3335-8899-4302-AC32-5916D9A72847}.Debug|Any CPU.ActiveCfg = Debug|Any CPU
		{5E9D3335-8899-4302-AC32-5916D9A72847}.Debug|Any CPU.Build.0 = Debug|Any CPU
		{5E9D3335-8899-4302-AC32-5916D9A72847}.Release|Any CPU.ActiveCfg = Release|Any CPU
		{5E9D3335-8899-4302-AC32-5916D9A72847}.Release|Any CPU.Build.0 = Release|Any CPU
		{D1875D05-F1F9-47FA-B8B5-43DD2EA124D9}.Debug|Any CPU.ActiveCfg = Debug|Any CPU
		{D1875D05-F1F9-47FA-B8B5-43DD2EA124D9}.Debug|Any CPU.Build.0 = Debug|Any CPU
		{D1875D05-F1F9-47FA-B8B5-43DD2EA124D9}.Release|Any CPU.ActiveCfg = Release|Any CPU
		{D1875D05-F1F9-47FA-B8B5-43DD2EA124D9}.Release|Any CPU.Build.0 = Release|Any CPU
		{DAD65AB4-FA49-485E-9063-DAE48AF08683}.Debug|Any CPU.ActiveCfg = Debug|Any CPU
		{DAD65AB4-FA49-485E-9063-DAE48AF08683}.Debug|Any CPU.Build.0 = Debug|Any CPU
		{DAD65AB4-FA49-485E-9063-DAE48AF08683}.Release|Any CPU.ActiveCfg = Release|Any CPU
		{DAD65AB4-FA49-485E-9063-DAE48AF08683}.Release|Any CPU.Build.0 = Release|Any CPU
		{EE126DB7-6A4B-49C0-9A86-1ACAA7835BE0}.Debug|Any CPU.ActiveCfg = Debug|Any CPU
		{EE126DB7-6A4B-49C0-9A86-1ACAA7835BE0}.Debug|Any CPU.Build.0 = Debug|Any CPU
		{EE126DB7-6A4B-49C0-9A86-1ACAA7835BE0}.Release|Any CPU.ActiveCfg = Release|Any CPU
		{EE126DB7-6A4B-49C0-9A86-1ACAA7835BE0}.Release|Any CPU.Build.0 = Release|Any CPU
	EndGlobalSection
	GlobalSection(SolutionProperties) = preSolution
		HideSolutionNode = FALSE
	EndGlobalSection
	GlobalSection(ExtensibilityGlobals) = postSolution
		SolutionGuid = {D64FD728-2B82-4DBD-8683-E6BEC1527A33}
	EndGlobalSection
EndGlobal
