
Microsoft Visual Studio Solution File, Format Version 12.00
# Visual Studio Version 17
VisualStudioVersion = 17.10.35027.167
MinimumVisualStudioVersion = 10.0.40219.1
Project("{9A19103F-16F7-4668-BE54-9A1E7A4F7556}") = "EncapsulationDemo", "EncapsulationDemo\EncapsulationDemo.csproj", "{667AADFF-2A7D-46BE-8AE8-18A553353530}"
EndProject
Project("{FAE04EC0-301F-11D3-BF4B-00C04F79EFBC}") = "ClassBoxData", "ClassBoxData\ClassBoxData.csproj", "{2DDCE501-16A1-485A-A196-6DC0B87D1739}"
EndProject
Global
	GlobalSection(SolutionConfigurationPlatforms) = preSolution
		Debug|Any CPU = Debug|Any CPU
		Release|Any CPU = Release|Any CPU
	EndGlobalSection
	GlobalSection(ProjectConfigurationPlatforms) = postSolution
		{667AADFF-2A7D-46BE-8AE8-18A553353530}.Debug|Any CPU.ActiveCfg = Debug|Any CPU
		{667AADFF-2A7D-46BE-8AE8-18A553353530}.Debug|Any CPU.Build.0 = Debug|Any CPU
		{667AADFF-2A7D-46BE-8AE8-18A553353530}.Release|Any CPU.ActiveCfg = Release|Any CPU
		{667AADFF-2A7D-46BE-8AE8-18A553353530}.Release|Any CPU.Build.0 = Release|Any CPU
		{2DDCE501-16A1-485A-A196-6DC0B87D1739}.Debug|Any CPU.ActiveCfg = Debug|Any CPU
		{2DDCE501-16A1-485A-A196-6DC0B87D1739}.Debug|Any CPU.Build.0 = Debug|Any CPU
		{2DDCE501-16A1-485A-A196-6DC0B87D1739}.Release|Any CPU.ActiveCfg = Release|Any CPU
		{2DDCE501-16A1-485A-A196-6DC0B87D1739}.Release|Any CPU.Build.0 = Release|Any CPU
	EndGlobalSection
	GlobalSection(SolutionProperties) = preSolution
		HideSolutionNode = FALSE
	EndGlobalSection
	GlobalSection(ExtensibilityGlobals) = postSolution
		SolutionGuid = {6246A22F-DE09-4A6C-8210-531BCCD09807}
	EndGlobalSection
EndGlobal
