
Microsoft Visual Studio Solution File, Format Version 12.00
# Visual Studio Version 17
VisualStudioVersion = 17.10.35013.160
MinimumVisualStudioVersion = 10.0.40219.1
Project("{FAE04EC0-301F-11D3-BF4B-00C04F79EFBC}") = "LinkedList", "LinkedList\LinkedList.csproj", "{833D28CC-FD40-4E0A-846F-5A1193E31930}"
EndProject
Global
	GlobalSection(SolutionConfigurationPlatforms) = preSolution
		Debug|Any CPU = Debug|Any CPU
		Release|Any CPU = Release|Any CPU
	EndGlobalSection
	GlobalSection(ProjectConfigurationPlatforms) = postSolution
		{833D28CC-FD40-4E0A-846F-5A1193E31930}.Debug|Any CPU.ActiveCfg = Debug|Any CPU
		{833D28CC-FD40-4E0A-846F-5A1193E31930}.Debug|Any CPU.Build.0 = Debug|Any CPU
		{833D28CC-FD40-4E0A-846F-5A1193E31930}.Release|Any CPU.ActiveCfg = Release|Any CPU
		{833D28CC-FD40-4E0A-846F-5A1193E31930}.Release|Any CPU.Build.0 = Release|Any CPU
	EndGlobalSection
	GlobalSection(SolutionProperties) = preSolution
		HideSolutionNode = FALSE
	EndGlobalSection
	GlobalSection(ExtensibilityGlobals) = postSolution
		SolutionGuid = {1A106341-4A4A-423C-8465-C634E4098C7A}
	EndGlobalSection
EndGlobal
