
Microsoft Visual Studio Solution File, Format Version 12.00
# Visual Studio Version 17
VisualStudioVersion = 17.10.35013.160
MinimumVisualStudioVersion = 10.0.40219.1
Project("{9A19103F-16F7-4668-BE54-9A1E7A4F7556}") = "ActionPoint", "ActionPoint\ActionPoint.csproj", "{7B12B792-3B7C-49B8-93A7-B4882FE27B04}"
EndProject
Project("{9A19103F-16F7-4668-BE54-9A1E7A4F7556}") = "KnightsOfHonor", "KnightsOfHonor\KnightsOfHonor.csproj", "{48CD4C31-6C41-45FD-B7C6-41CB996E7039}"
EndProject
Project("{9A19103F-16F7-4668-BE54-9A1E7A4F7556}") = "CustomMinFunction", "CustomMinFunction\CustomMinFunction.csproj", "{D4676BBA-D0BD-446E-94BE-B4B724C85501}"
EndProject
Project("{9A19103F-16F7-4668-BE54-9A1E7A4F7556}") = "FindEvenOrOdds", "FindEvenOrOdds\FindEvenOrOdds.csproj", "{3542028B-5C13-4988-875A-DF7D52226E00}"
EndProject
Project("{9A19103F-16F7-4668-BE54-9A1E7A4F7556}") = "AppliedArithmetics", "AppliedArithmetics\AppliedArithmetics.csproj", "{8A5832C3-3CD8-4F26-9943-362B5D7BCC4C}"
EndProject
Project("{9A19103F-16F7-4668-BE54-9A1E7A4F7556}") = "ReverseAndExclude", "ReverseAndExclude\ReverseAndExclude.csproj", "{11F74434-E6A6-47B8-A14A-3306574B223A}"
EndProject
Project("{9A19103F-16F7-4668-BE54-9A1E7A4F7556}") = "PredicatesForNames", "PredicatesForNames\PredicatesForNames.csproj", "{F6BF11DF-7278-478E-B24F-8210B2C9228B}"
EndProject
Project("{9A19103F-16F7-4668-BE54-9A1E7A4F7556}") = "ListOfPredicates", "ListOfPredicates\ListOfPredicates.csproj", "{375301D5-379D-40CD-B7B0-D153559FEBF2}"
EndProject
Project("{9A19103F-16F7-4668-BE54-9A1E7A4F7556}") = "PredicateParty", "PredicateParty\PredicateParty.csproj", "{38C4A363-9956-484A-BB9B-1B54B6E560B4}"
EndProject
Project("{FAE04EC0-301F-11D3-BF4B-00C04F79EFBC}") = "PartyReservationFilterModule", "PartyReservationFilterModule\PartyReservationFilterModule.csproj", "{0477827E-A933-42B9-99EE-ED4DBDE45944}"
EndProject
Project("{FAE04EC0-301F-11D3-BF4B-00C04F79EFBC}") = "TriFunction", "TriFunction\TriFunction.csproj", "{892AB43A-E3C1-43CA-B316-DC18F6CBB063}"
EndProject
Global
	GlobalSection(SolutionConfigurationPlatforms) = preSolution
		Debug|Any CPU = Debug|Any CPU
		Release|Any CPU = Release|Any CPU
	EndGlobalSection
	GlobalSection(ProjectConfigurationPlatforms) = postSolution
		{7B12B792-3B7C-49B8-93A7-B4882FE27B04}.Debug|Any CPU.ActiveCfg = Debug|Any CPU
		{7B12B792-3B7C-49B8-93A7-B4882FE27B04}.Debug|Any CPU.Build.0 = Debug|Any CPU
		{7B12B792-3B7C-49B8-93A7-B4882FE27B04}.Release|Any CPU.ActiveCfg = Release|Any CPU
		{7B12B792-3B7C-49B8-93A7-B4882FE27B04}.Release|Any CPU.Build.0 = Release|Any CPU
		{48CD4C31-6C41-45FD-B7C6-41CB996E7039}.Debug|Any CPU.ActiveCfg = Debug|Any CPU
		{48CD4C31-6C41-45FD-B7C6-41CB996E7039}.Debug|Any CPU.Build.0 = Debug|Any CPU
		{48CD4C31-6C41-45FD-B7C6-41CB996E7039}.Release|Any CPU.ActiveCfg = Release|Any CPU
		{48CD4C31-6C41-45FD-B7C6-41CB996E7039}.Release|Any CPU.Build.0 = Release|Any CPU
		{D4676BBA-D0BD-446E-94BE-B4B724C85501}.Debug|Any CPU.ActiveCfg = Debug|Any CPU
		{D4676BBA-D0BD-446E-94BE-B4B724C85501}.Debug|Any CPU.Build.0 = Debug|Any CPU
		{D4676BBA-D0BD-446E-94BE-B4B724C85501}.Release|Any CPU.ActiveCfg = Release|Any CPU
		{D4676BBA-D0BD-446E-94BE-B4B724C85501}.Release|Any CPU.Build.0 = Release|Any CPU
		{3542028B-5C13-4988-875A-DF7D52226E00}.Debug|Any CPU.ActiveCfg = Debug|Any CPU
		{3542028B-5C13-4988-875A-DF7D52226E00}.Debug|Any CPU.Build.0 = Debug|Any CPU
		{3542028B-5C13-4988-875A-DF7D52226E00}.Release|Any CPU.ActiveCfg = Release|Any CPU
		{3542028B-5C13-4988-875A-DF7D52226E00}.Release|Any CPU.Build.0 = Release|Any CPU
		{8A5832C3-3CD8-4F26-9943-362B5D7BCC4C}.Debug|Any CPU.ActiveCfg = Debug|Any CPU
		{8A5832C3-3CD8-4F26-9943-362B5D7BCC4C}.Debug|Any CPU.Build.0 = Debug|Any CPU
		{8A5832C3-3CD8-4F26-9943-362B5D7BCC4C}.Release|Any CPU.ActiveCfg = Release|Any CPU
		{8A5832C3-3CD8-4F26-9943-362B5D7BCC4C}.Release|Any CPU.Build.0 = Release|Any CPU
		{11F74434-E6A6-47B8-A14A-3306574B223A}.Debug|Any CPU.ActiveCfg = Debug|Any CPU
		{11F74434-E6A6-47B8-A14A-3306574B223A}.Debug|Any CPU.Build.0 = Debug|Any CPU
		{11F74434-E6A6-47B8-A14A-3306574B223A}.Release|Any CPU.ActiveCfg = Release|Any CPU
		{11F74434-E6A6-47B8-A14A-3306574B223A}.Release|Any CPU.Build.0 = Release|Any CPU
		{F6BF11DF-7278-478E-B24F-8210B2C9228B}.Debug|Any CPU.ActiveCfg = Debug|Any CPU
		{F6BF11DF-7278-478E-B24F-8210B2C9228B}.Debug|Any CPU.Build.0 = Debug|Any CPU
		{F6BF11DF-7278-478E-B24F-8210B2C9228B}.Release|Any CPU.ActiveCfg = Release|Any CPU
		{F6BF11DF-7278-478E-B24F-8210B2C9228B}.Release|Any CPU.Build.0 = Release|Any CPU
		{375301D5-379D-40CD-B7B0-D153559FEBF2}.Debug|Any CPU.ActiveCfg = Debug|Any CPU
		{375301D5-379D-40CD-B7B0-D153559FEBF2}.Debug|Any CPU.Build.0 = Debug|Any CPU
		{375301D5-379D-40CD-B7B0-D153559FEBF2}.Release|Any CPU.ActiveCfg = Release|Any CPU
		{375301D5-379D-40CD-B7B0-D153559FEBF2}.Release|Any CPU.Build.0 = Release|Any CPU
		{38C4A363-9956-484A-BB9B-1B54B6E560B4}.Debug|Any CPU.ActiveCfg = Debug|Any CPU
		{38C4A363-9956-484A-BB9B-1B54B6E560B4}.Debug|Any CPU.Build.0 = Debug|Any CPU
		{38C4A363-9956-484A-BB9B-1B54B6E560B4}.Release|Any CPU.ActiveCfg = Release|Any CPU
		{38C4A363-9956-484A-BB9B-1B54B6E560B4}.Release|Any CPU.Build.0 = Release|Any CPU
		{0477827E-A933-42B9-99EE-ED4DBDE45944}.Debug|Any CPU.ActiveCfg = Debug|Any CPU
		{0477827E-A933-42B9-99EE-ED4DBDE45944}.Debug|Any CPU.Build.0 = Debug|Any CPU
		{0477827E-A933-42B9-99EE-ED4DBDE45944}.Release|Any CPU.ActiveCfg = Release|Any CPU
		{0477827E-A933-42B9-99EE-ED4DBDE45944}.Release|Any CPU.Build.0 = Release|Any CPU
		{892AB43A-E3C1-43CA-B316-DC18F6CBB063}.Debug|Any CPU.ActiveCfg = Debug|Any CPU
		{892AB43A-E3C1-43CA-B316-DC18F6CBB063}.Debug|Any CPU.Build.0 = Debug|Any CPU
		{892AB43A-E3C1-43CA-B316-DC18F6CBB063}.Release|Any CPU.ActiveCfg = Release|Any CPU
		{892AB43A-E3C1-43CA-B316-DC18F6CBB063}.Release|Any CPU.Build.0 = Release|Any CPU
	EndGlobalSection
	GlobalSection(SolutionProperties) = preSolution
		HideSolutionNode = FALSE
	EndGlobalSection
	GlobalSection(ExtensibilityGlobals) = postSolution
		SolutionGuid = {3192467E-5ACD-4CA7-8FC6-F04BD599C061}
	EndGlobalSection
EndGlobal
