
Microsoft Visual Studio Solution File, Format Version 12.00
# Visual Studio Version 17
VisualStudioVersion = 17.9.34723.18
MinimumVisualStudioVersion = 10.0.40219.1
Project("{9A19103F-16F7-4668-BE54-9A1E7A4F7556}") = "ReverseString", "ReverseString\ReverseString.csproj", "{45839187-B394-4BDF-B964-731A2A145056}"
EndProject
Project("{9A19103F-16F7-4668-BE54-9A1E7A4F7556}") = "StackSum", "StackSum\StackSum.csproj", "{0AE893C9-217C-4B43-B843-3538E032A209}"
EndProject
Project("{9A19103F-16F7-4668-BE54-9A1E7A4F7556}") = "SimpleCalculator", "SimpleCalculator\SimpleCalculator.csproj", "{47A50E31-EE34-4220-94C9-3C4294918655}"
EndProject
Project("{FAE04EC0-301F-11D3-BF4B-00C04F79EFBC}") = "MatchingBrackets", "MatchingBrackets\MatchingBrackets.csproj", "{359C8F4B-E87D-407B-A1D2-F955B2E8B19A}"
EndProject
Project("{FAE04EC0-301F-11D3-BF4B-00C04F79EFBC}") = "PrintEvenNumbers", "PrintEvenNumbers\PrintEvenNumbers.csproj", "{74FBAC75-D41D-40B2-9712-95FAF3D769B2}"
EndProject
Project("{FAE04EC0-301F-11D3-BF4B-00C04F79EFBC}") = "Supermarcet", "Supermarcet\Supermarcet.csproj", "{46C67D04-A40A-455A-9F01-18AA0EE42BE0}"
EndProject
Project("{FAE04EC0-301F-11D3-BF4B-00C04F79EFBC}") = "HotPotato", "HotPotato\HotPotato.csproj", "{5D7A97FA-4E22-41EE-BC25-37C779970AF9}"
EndProject
Project("{FAE04EC0-301F-11D3-BF4B-00C04F79EFBC}") = "TraficJam", "TraficJam\TraficJam.csproj", "{20BE65F3-5A6C-4A9E-9083-00EB940FFD4C}"
EndProject
Global
	GlobalSection(SolutionConfigurationPlatforms) = preSolution
		Debug|Any CPU = Debug|Any CPU
		Release|Any CPU = Release|Any CPU
	EndGlobalSection
	GlobalSection(ProjectConfigurationPlatforms) = postSolution
		{45839187-B394-4BDF-B964-731A2A145056}.Debug|Any CPU.ActiveCfg = Debug|Any CPU
		{45839187-B394-4BDF-B964-731A2A145056}.Debug|Any CPU.Build.0 = Debug|Any CPU
		{45839187-B394-4BDF-B964-731A2A145056}.Release|Any CPU.ActiveCfg = Release|Any CPU
		{45839187-B394-4BDF-B964-731A2A145056}.Release|Any CPU.Build.0 = Release|Any CPU
		{0AE893C9-217C-4B43-B843-3538E032A209}.Debug|Any CPU.ActiveCfg = Debug|Any CPU
		{0AE893C9-217C-4B43-B843-3538E032A209}.Debug|Any CPU.Build.0 = Debug|Any CPU
		{0AE893C9-217C-4B43-B843-3538E032A209}.Release|Any CPU.ActiveCfg = Release|Any CPU
		{0AE893C9-217C-4B43-B843-3538E032A209}.Release|Any CPU.Build.0 = Release|Any CPU
		{47A50E31-EE34-4220-94C9-3C4294918655}.Debug|Any CPU.ActiveCfg = Debug|Any CPU
		{47A50E31-EE34-4220-94C9-3C4294918655}.Debug|Any CPU.Build.0 = Debug|Any CPU
		{47A50E31-EE34-4220-94C9-3C4294918655}.Release|Any CPU.ActiveCfg = Release|Any CPU
		{47A50E31-EE34-4220-94C9-3C4294918655}.Release|Any CPU.Build.0 = Release|Any CPU
		{359C8F4B-E87D-407B-A1D2-F955B2E8B19A}.Debug|Any CPU.ActiveCfg = Debug|Any CPU
		{359C8F4B-E87D-407B-A1D2-F955B2E8B19A}.Debug|Any CPU.Build.0 = Debug|Any CPU
		{359C8F4B-E87D-407B-A1D2-F955B2E8B19A}.Release|Any CPU.ActiveCfg = Release|Any CPU
		{359C8F4B-E87D-407B-A1D2-F955B2E8B19A}.Release|Any CPU.Build.0 = Release|Any CPU
		{74FBAC75-D41D-40B2-9712-95FAF3D769B2}.Debug|Any CPU.ActiveCfg = Debug|Any CPU
		{74FBAC75-D41D-40B2-9712-95FAF3D769B2}.Debug|Any CPU.Build.0 = Debug|Any CPU
		{74FBAC75-D41D-40B2-9712-95FAF3D769B2}.Release|Any CPU.ActiveCfg = Release|Any CPU
		{74FBAC75-D41D-40B2-9712-95FAF3D769B2}.Release|Any CPU.Build.0 = Release|Any CPU
		{46C67D04-A40A-455A-9F01-18AA0EE42BE0}.Debug|Any CPU.ActiveCfg = Debug|Any CPU
		{46C67D04-A40A-455A-9F01-18AA0EE42BE0}.Debug|Any CPU.Build.0 = Debug|Any CPU
		{46C67D04-A40A-455A-9F01-18AA0EE42BE0}.Release|Any CPU.ActiveCfg = Release|Any CPU
		{46C67D04-A40A-455A-9F01-18AA0EE42BE0}.Release|Any CPU.Build.0 = Release|Any CPU
		{5D7A97FA-4E22-41EE-BC25-37C779970AF9}.Debug|Any CPU.ActiveCfg = Debug|Any CPU
		{5D7A97FA-4E22-41EE-BC25-37C779970AF9}.Debug|Any CPU.Build.0 = Debug|Any CPU
		{5D7A97FA-4E22-41EE-BC25-37C779970AF9}.Release|Any CPU.ActiveCfg = Release|Any CPU
		{5D7A97FA-4E22-41EE-BC25-37C779970AF9}.Release|Any CPU.Build.0 = Release|Any CPU
		{20BE65F3-5A6C-4A9E-9083-00EB940FFD4C}.Debug|Any CPU.ActiveCfg = Debug|Any CPU
		{20BE65F3-5A6C-4A9E-9083-00EB940FFD4C}.Debug|Any CPU.Build.0 = Debug|Any CPU
		{20BE65F3-5A6C-4A9E-9083-00EB940FFD4C}.Release|Any CPU.ActiveCfg = Release|Any CPU
		{20BE65F3-5A6C-4A9E-9083-00EB940FFD4C}.Release|Any CPU.Build.0 = Release|Any CPU
	EndGlobalSection
	GlobalSection(SolutionProperties) = preSolution
		HideSolutionNode = FALSE
	EndGlobalSection
	GlobalSection(ExtensibilityGlobals) = postSolution
		SolutionGuid = {66C3BFA9-C422-4203-9F89-D191DF839A25}
	EndGlobalSection
EndGlobal
